// !$*UTF8*$!
{
	archiveVersion = 1;
	classes = {
	};
	objectVersion = 56;
	objects = {

/* Begin PBXBuildFile section */
		603A5A412A61706E007956EE /* AppDelegate.swift in Sources */ = {isa = PBXBuildFile; fileRef = 603A5A402A61706E007956EE /* AppDelegate.swift */; };
		603A5A452A61706E007956EE /* ListViewController.swift in Sources */ = {isa = PBXBuildFile; fileRef = 603A5A442A61706E007956EE /* ListViewController.swift */; };
		603A5A4A2A617072007956EE /* Assets.xcassets in Resources */ = {isa = PBXBuildFile; fileRef = 603A5A492A617072007956EE /* Assets.xcassets */; };
		603A5A4D2A617072007956EE /* LaunchScreen.storyboard in Resources */ = {isa = PBXBuildFile; fileRef = 603A5A4B2A617072007956EE /* LaunchScreen.storyboard */; };
		603A5A582A6179AA007956EE /* NetworkService.swift in Sources */ = {isa = PBXBuildFile; fileRef = 603A5A572A6179AA007956EE /* NetworkService.swift */; };
		603A5A5B2A618999007956EE /* RequestModel.swift in Sources */ = {isa = PBXBuildFile; fileRef = 603A5A5A2A618999007956EE /* RequestModel.swift */; };
		60CB4E8F2A649B9D00DD88FD /* ListViewModel.swift in Sources */ = {isa = PBXBuildFile; fileRef = 60CB4E8E2A649B9D00DD88FD /* ListViewModel.swift */; };
		60CB4E922A64A01700DD88FD /* ListTableViewCell.swift in Sources */ = {isa = PBXBuildFile; fileRef = 60CB4E912A64A01700DD88FD /* ListTableViewCell.swift */; };
		60CB4E952A6570BD00DD88FD /* UITableView+Extension.swift in Sources */ = {isa = PBXBuildFile; fileRef = 60CB4E942A6570BC00DD88FD /* UITableView+Extension.swift */; };
		60FC16742A6707E8003214E8 /* UIViewController+Extension.swift in Sources */ = {isa = PBXBuildFile; fileRef = 60FC16732A6707E8003214E8 /* UIViewController+Extension.swift */; };
/* End PBXBuildFile section */

/* Begin PBXFileReference section */
		603A5A3D2A61706E007956EE /* EnkodList.app */ = {isa = PBXFileReference; explicitFileType = wrapper.application; includeInIndex = 0; path = EnkodList.app; sourceTree = BUILT_PRODUCTS_DIR; };
		603A5A402A61706E007956EE /* AppDelegate.swift */ = {isa = PBXFileReference; lastKnownFileType = sourcecode.swift; path = AppDelegate.swift; sourceTree = "<group>"; };
		603A5A442A61706E007956EE /* ListViewController.swift */ = {isa = PBXFileReference; lastKnownFileType = sourcecode.swift; path = ListViewController.swift; sourceTree = "<group>"; };
		603A5A492A617072007956EE /* Assets.xcassets */ = {isa = PBXFileReference; lastKnownFileType = folder.assetcatalog; path = Assets.xcassets; sourceTree = "<group>"; };
		603A5A4C2A617072007956EE /* Base */ = {isa = PBXFileReference; lastKnownFileType = file.storyboard; name = Base; path = Base.lproj/LaunchScreen.storyboard; sourceTree = "<group>"; };
		603A5A4E2A617072007956EE /* Info.plist */ = {isa = PBXFileReference; lastKnownFileType = text.plist.xml; path = Info.plist; sourceTree = "<group>"; };
		603A5A572A6179AA007956EE /* NetworkService.swift */ = {isa = PBXFileReference; lastKnownFileType = sourcecode.swift; path = NetworkService.swift; sourceTree = "<group>"; };
		603A5A5A2A618999007956EE /* RequestModel.swift */ = {isa = PBXFileReference; lastKnownFileType = sourcecode.swift; path = RequestModel.swift; sourceTree = "<group>"; };
		60CB4E8E2A649B9D00DD88FD /* ListViewModel.swift */ = {isa = PBXFileReference; lastKnownFileType = sourcecode.swift; path = ListViewModel.swift; sourceTree = "<group>"; };
		60CB4E912A64A01700DD88FD /* ListTableViewCell.swift */ = {isa = PBXFileReference; lastKnownFileType = sourcecode.swift; path = ListTableViewCell.swift; sourceTree = "<group>"; };
		60CB4E942A6570BC00DD88FD /* UITableView+Extension.swift */ = {isa = PBXFileReference; lastKnownFileType = sourcecode.swift; path = "UITableView+Extension.swift"; sourceTree = "<group>"; };
		60FC16732A6707E8003214E8 /* UIViewController+Extension.swift */ = {isa = PBXFileReference; lastKnownFileType = sourcecode.swift; path = "UIViewController+Extension.swift"; sourceTree = "<group>"; };
/* End PBXFileReference section */

/* Begin PBXFrameworksBuildPhase section */
		603A5A3A2A61706E007956EE /* Frameworks */ = {
			isa = PBXFrameworksBuildPhase;
			buildActionMask = 2147483647;
			files = (
			);
			runOnlyForDeploymentPostprocessing = 0;
		};
/* End PBXFrameworksBuildPhase section */

/* Begin PBXGroup section */
		603A5A342A61706D007956EE = {
			isa = PBXGroup;
			children = (
				603A5A3F2A61706E007956EE /* EnkodList */,
				603A5A3E2A61706E007956EE /* Products */,
			);
			sourceTree = "<group>";
		};
		603A5A3E2A61706E007956EE /* Products */ = {
			isa = PBXGroup;
			children = (
				603A5A3D2A61706E007956EE /* EnkodList.app */,
			);
			name = Products;
			sourceTree = "<group>";
		};
		603A5A3F2A61706E007956EE /* EnkodList */ = {
			isa = PBXGroup;
			children = (
				603A5A542A61712F007956EE /* Application */,
				603A5A552A61713E007956EE /* ContactListModule */,
				60CB4E932A65709E00DD88FD /* Extensions */,
				603A5A562A617171007956EE /* Resources */,
				603A5A592A6179AE007956EE /* Services */,
			);
			path = EnkodList;
			sourceTree = "<group>";
		};
		603A5A542A61712F007956EE /* Application */ = {
			isa = PBXGroup;
			children = (
				603A5A402A61706E007956EE /* AppDelegate.swift */,
			);
			path = Application;
			sourceTree = "<group>";
		};
		603A5A552A61713E007956EE /* ContactListModule */ = {
			isa = PBXGroup;
			children = (
				60CB4E902A649FF000DD88FD /* Cell */,
				603A5A442A61706E007956EE /* ListViewController.swift */,
				60CB4E8E2A649B9D00DD88FD /* ListViewModel.swift */,
			);
			path = ContactListModule;
			sourceTree = "<group>";
		};
		603A5A562A617171007956EE /* Resources */ = {
			isa = PBXGroup;
			children = (
				603A5A492A617072007956EE /* Assets.xcassets */,
				603A5A4E2A617072007956EE /* Info.plist */,
				603A5A4B2A617072007956EE /* LaunchScreen.storyboard */,
			);
			path = Resources;
			sourceTree = "<group>";
		};
		603A5A592A6179AE007956EE /* Services */ = {
			isa = PBXGroup;
			children = (
				603A5A5C2A619B5D007956EE /* NetworkService */,
			);
			path = Services;
			sourceTree = "<group>";
		};
		603A5A5C2A619B5D007956EE /* NetworkService */ = {
			isa = PBXGroup;
			children = (
				603A5A5A2A618999007956EE /* RequestModel.swift */,
				603A5A572A6179AA007956EE /* NetworkService.swift */,
			);
			path = NetworkService;
			sourceTree = "<group>";
		};
		60CB4E902A649FF000DD88FD /* Cell */ = {
			isa = PBXGroup;
			children = (
				60CB4E912A64A01700DD88FD /* ListTableViewCell.swift */,
			);
			path = Cell;
			sourceTree = "<group>";
		};
		60CB4E932A65709E00DD88FD /* Extensions */ = {
			isa = PBXGroup;
			children = (
				60CB4E942A6570BC00DD88FD /* UITableView+Extension.swift */,
				60FC16732A6707E8003214E8 /* UIViewController+Extension.swift */,
			);
			path = Extensions;
			sourceTree = "<group>";
		};
/* End PBXGroup section */

/* Begin PBXNativeTarget section */
		603A5A3C2A61706E007956EE /* EnkodList */ = {
			isa = PBXNativeTarget;
			buildConfigurationList = 603A5A512A617072007956EE /* Build configuration list for PBXNativeTarget "EnkodList" */;
			buildPhases = (
				603A5A392A61706E007956EE /* Sources */,
				603A5A3A2A61706E007956EE /* Frameworks */,
				603A5A3B2A61706E007956EE /* Resources */,
			);
			buildRules = (
			);
			dependencies = (
			);
			name = EnkodList;
			productName = EnkodList;
			productReference = 603A5A3D2A61706E007956EE /* EnkodList.app */;
			productType = "com.apple.product-type.application";
		};
/* End PBXNativeTarget section */

/* Begin PBXProject section */
		603A5A352A61706D007956EE /* Project object */ = {
			isa = PBXProject;
			attributes = {
				BuildIndependentTargetsInParallel = 1;
				LastSwiftUpdateCheck = 1430;
				LastUpgradeCheck = 1430;
				TargetAttributes = {
					603A5A3C2A61706E007956EE = {
						CreatedOnToolsVersion = 14.3.1;
					};
				};
			};
			buildConfigurationList = 603A5A382A61706D007956EE /* Build configuration list for PBXProject "EnkodList" */;
			compatibilityVersion = "Xcode 14.0";
			developmentRegion = en;
			hasScannedForEncodings = 0;
			knownRegions = (
				en,
				Base,
			);
			mainGroup = 603A5A342A61706D007956EE;
			productRefGroup = 603A5A3E2A61706E007956EE /* Products */;
			projectDirPath = "";
			projectRoot = "";
			targets = (
				603A5A3C2A61706E007956EE /* EnkodList */,
			);
		};
/* End PBXProject section */

/* Begin PBXResourcesBuildPhase section */
		603A5A3B2A61706E007956EE /* Resources */ = {
			isa = PBXResourcesBuildPhase;
			buildActionMask = 2147483647;
			files = (
				603A5A4D2A617072007956EE /* LaunchScreen.storyboard in Resources */,
				603A5A4A2A617072007956EE /* Assets.xcassets in Resources */,
			);
			runOnlyForDeploymentPostprocessing = 0;
		};
/* End PBXResourcesBuildPhase section */

/* Begin PBXSourcesBuildPhase section */
		603A5A392A61706E007956EE /* Sources */ = {
			isa = PBXSourcesBuildPhase;
			buildActionMask = 2147483647;
			files = (
				60FC16742A6707E8003214E8 /* UIViewController+Extension.swift in Sources */,
				60CB4E8F2A649B9D00DD88FD /* ListViewModel.swift in Sources */,
				603A5A452A61706E007956EE /* ListViewController.swift in Sources */,
				60CB4E952A6570BD00DD88FD /* UITableView+Extension.swift in Sources */,
				603A5A582A6179AA007956EE /* NetworkService.swift in Sources */,
				603A5A412A61706E007956EE /* AppDelegate.swift in Sources */,
				603A5A5B2A618999007956EE /* RequestModel.swift in Sources */,
				60CB4E922A64A01700DD88FD /* ListTableViewCell.swift in Sources */,
			);
			runOnlyForDeploymentPostprocessing = 0;
		};
/* End PBXSourcesBuildPhase section */

/* Begin PBXVariantGroup section */
		603A5A4B2A617072007956EE /* LaunchScreen.storyboard */ = {
			isa = PBXVariantGroup;
			children = (
				603A5A4C2A617072007956EE /* Base */,
			);
			name = LaunchScreen.storyboard;
			sourceTree = "<group>";
		};
/* End PBXVariantGroup section */

/* Begin XCBuildConfiguration section */
		603A5A4F2A617072007956EE /* Debug */ = {
			isa = XCBuildConfiguration;
			buildSettings = {
				ALWAYS_SEARCH_USER_PATHS = NO;
				CLANG_ANALYZER_NONNULL = YES;
				CLANG_ANALYZER_NUMBER_OBJECT_CONVERSION = YES_AGGRESSIVE;
				CLANG_CXX_LANGUAGE_STANDARD = "gnu++20";
				CLANG_ENABLE_MODULES = YES;
				CLANG_ENABLE_OBJC_ARC = YES;
				CLANG_ENABLE_OBJC_WEAK = YES;
				CLANG_WARN_BLOCK_CAPTURE_AUTORELEASING = YES;
				CLANG_WARN_BOOL_CONVERSION = YES;
				CLANG_WARN_COMMA = YES;
				CLANG_WARN_CONSTANT_CONVERSION = YES;
				CLANG_WARN_DEPRECATED_OBJC_IMPLEMENTATIONS = YES;
				CLANG_WARN_DIRECT_OBJC_ISA_USAGE = YES_ERROR;
				CLANG_WARN_DOCUMENTATION_COMMENTS = YES;
				CLANG_WARN_EMPTY_BODY = YES;
				CLANG_WARN_ENUM_CONVERSION = YES;
				CLANG_WARN_INFINITE_RECURSION = YES;
				CLANG_WARN_INT_CONVERSION = YES;
				CLANG_WARN_NON_LITERAL_NULL_CONVERSION = YES;
				CLANG_WARN_OBJC_IMPLICIT_RETAIN_SELF = YES;
				CLANG_WARN_OBJC_LITERAL_CONVERSION = YES;
				CLANG_WARN_OBJC_ROOT_CLASS = YES_ERROR;
				CLANG_WARN_QUOTED_INCLUDE_IN_FRAMEWORK_HEADER = YES;
				CLANG_WARN_RANGE_LOOP_ANALYSIS = YES;
				CLANG_WARN_STRICT_PROTOTYPES = YES;
				CLANG_WARN_SUSPICIOUS_MOVE = YES;
				CLANG_WARN_UNGUARDED_AVAILABILITY = YES_AGGRESSIVE;
				CLANG_WARN_UNREACHABLE_CODE = YES;
				CLANG_WARN__DUPLICATE_METHOD_MATCH = YES;
				COPY_PHASE_STRIP = NO;
				DEBUG_INFORMATION_FORMAT = dwarf;
				ENABLE_STRICT_OBJC_MSGSEND = YES;
				ENABLE_TESTABILITY = YES;
				GCC_C_LANGUAGE_STANDARD = gnu11;
				GCC_DYNAMIC_NO_PIC = NO;
				GCC_NO_COMMON_BLOCKS = YES;
				GCC_OPTIMIZATION_LEVEL = 0;
				GCC_PREPROCESSOR_DEFINITIONS = (
					"DEBUG=1",
					"$(inherited)",
				);
				GCC_WARN_64_TO_32_BIT_CONVERSION = YES;
				GCC_WARN_ABOUT_RETURN_TYPE = YES_ERROR;
				GCC_WARN_UNDECLARED_SELECTOR = YES;
				GCC_WARN_UNINITIALIZED_AUTOS = YES_AGGRESSIVE;
				GCC_WARN_UNUSED_FUNCTION = YES;
				GCC_WARN_UNUSED_VARIABLE = YES;
				IPHONEOS_DEPLOYMENT_TARGET = 16.4;
				MTL_ENABLE_DEBUG_INFO = INCLUDE_SOURCE;
				MTL_FAST_MATH = YES;
				ONLY_ACTIVE_ARCH = YES;
				SDKROOT = iphoneos;
				SWIFT_ACTIVE_COMPILATION_CONDITIONS = DEBUG;
				SWIFT_OPTIMIZATION_LEVEL = "-Onone";
			};
			name = Debug;
		};
		603A5A502A617072007956EE /* Release */ = {
			isa = XCBuildConfiguration;
			buildSettings = {
				ALWAYS_SEARCH_USER_PATHS = NO;
				CLANG_ANALYZER_NONNULL = YES;
				CLANG_ANALYZER_NUMBER_OBJECT_CONVERSION = YES_AGGRESSIVE;
				CLANG_CXX_LANGUAGE_STANDARD = "gnu++20";
				CLANG_ENABLE_MODULES = YES;
				CLANG_ENABLE_OBJC_ARC = YES;
				CLANG_ENABLE_OBJC_WEAK = YES;
				CLANG_WARN_BLOCK_CAPTURE_AUTORELEASING = YES;
				CLANG_WARN_BOOL_CONVERSION = YES;
				CLANG_WARN_COMMA = YES;
				CLANG_WARN_CONSTANT_CONVERSION = YES;
				CLANG_WARN_DEPRECATED_OBJC_IMPLEMENTATIONS = YES;
				CLANG_WARN_DIRECT_OBJC_ISA_USAGE = YES_ERROR;
				CLANG_WARN_DOCUMENTATION_COMMENTS = YES;
				CLANG_WARN_EMPTY_BODY = YES;
				CLANG_WARN_ENUM_CONVERSION = YES;
				CLANG_WARN_INFINITE_RECURSION = YES;
				CLANG_WARN_INT_CONVERSION = YES;
				CLANG_WARN_NON_LITERAL_NULL_CONVERSION = YES;
				CLANG_WARN_OBJC_IMPLICIT_RETAIN_SELF = YES;
				CLANG_WARN_OBJC_LITERAL_CONVERSION = YES;
				CLANG_WARN_OBJC_ROOT_CLASS = YES_ERROR;
				CLANG_WARN_QUOTED_INCLUDE_IN_FRAMEWORK_HEADER = YES;
				CLANG_WARN_RANGE_LOOP_ANALYSIS = YES;
				CLANG_WARN_STRICT_PROTOTYPES = YES;
				CLANG_WARN_SUSPICIOUS_MOVE = YES;
				CLANG_WARN_UNGUARDED_AVAILABILITY = YES_AGGRESSIVE;
				CLANG_WARN_UNREACHABLE_CODE = YES;
				CLANG_WARN__DUPLICATE_METHOD_MATCH = YES;
				COPY_PHASE_STRIP = NO;
				DEBUG_INFORMATION_FORMAT = "dwarf-with-dsym";
				ENABLE_NS_ASSERTIONS = NO;
				ENABLE_STRICT_OBJC_MSGSEND = YES;
				GCC_C_LANGUAGE_STANDARD = gnu11;
				GCC_NO_COMMON_BLOCKS = YES;
				GCC_WARN_64_TO_32_BIT_CONVERSION = YES;
				GCC_WARN_ABOUT_RETURN_TYPE = YES_ERROR;
				GCC_WARN_UNDECLARED_SELECTOR = YES;
				GCC_WARN_UNINITIALIZED_AUTOS = YES_AGGRESSIVE;
				GCC_WARN_UNUSED_FUNCTION = YES;
				GCC_WARN_UNUSED_VARIABLE = YES;
				IPHONEOS_DEPLOYMENT_TARGET = 16.4;
				MTL_ENABLE_DEBUG_INFO = NO;
				MTL_FAST_MATH = YES;
				SDKROOT = iphoneos;
				SWIFT_COMPILATION_MODE = wholemodule;
				SWIFT_OPTIMIZATION_LEVEL = "-O";
				VALIDATE_PRODUCT = YES;
			};
			name = Release;
		};
		603A5A522A617072007956EE /* Debug */ = {
			isa = XCBuildConfiguration;
			buildSettings = {
				ASSETCATALOG_COMPILER_APPICON_NAME = AppIcon;
				ASSETCATALOG_COMPILER_GLOBAL_ACCENT_COLOR_NAME = AccentColor;
				CODE_SIGN_STYLE = Automatic;
				CURRENT_PROJECT_VERSION = 1;
				DEVELOPMENT_TEAM = TVNB4R4JHD;
				GENERATE_INFOPLIST_FILE = YES;
				INFOPLIST_FILE = EnkodList/Resources/Info.plist;
				INFOPLIST_KEY_UIApplicationSupportsIndirectInputEvents = YES;
				INFOPLIST_KEY_UILaunchStoryboardName = LaunchScreen;
				INFOPLIST_KEY_UIMainStoryboardFile = "";
				INFOPLIST_KEY_UISupportedInterfaceOrientations_iPad = "UIInterfaceOrientationPortrait UIInterfaceOrientationPortraitUpsideDown UIInterfaceOrientationLandscapeLeft UIInterfaceOrientationLandscapeRight";
				INFOPLIST_KEY_UISupportedInterfaceOrientations_iPhone = "UIInterfaceOrientationPortrait UIInterfaceOrientationLandscapeLeft UIInterfaceOrientationLandscapeRight";
				IPHONEOS_DEPLOYMENT_TARGET = 16.0;
				LD_RUNPATH_SEARCH_PATHS = (
					"$(inherited)",
					"@executable_path/Frameworks",
				);
				MARKETING_VERSION = 1.0;
				PRODUCT_BUNDLE_IDENTIFIER = com.nikolayignatov.EnkodList;
				PRODUCT_NAME = "$(TARGET_NAME)";
				SUPPORTED_PLATFORMS = "iphoneos iphonesimulator";
				SUPPORTS_MACCATALYST = NO;
				SUPPORTS_MAC_DESIGNED_FOR_IPHONE_IPAD = NO;
				SWIFT_EMIT_LOC_STRINGS = YES;
				SWIFT_VERSION = 5.0;
				TARGETED_DEVICE_FAMILY = "1,2";
			};
			name = Debug;
		};
		603A5A532A617072007956EE /* Release */ = {
			isa = XCBuildConfiguration;
			buildSettings = {
				ASSETCATALOG_COMPILER_APPICON_NAME = AppIcon;
				ASSETCATALOG_COMPILER_GLOBAL_ACCENT_COLOR_NAME = AccentColor;
				CODE_SIGN_STYLE = Automatic;
				CURRENT_PROJECT_VERSION = 1;
				DEVELOPMENT_TEAM = TVNB4R4JHD;
				GENERATE_INFOPLIST_FILE = YES;
				INFOPLIST_FILE = EnkodList/Resources/Info.plist;
				INFOPLIST_KEY_UIApplicationSupportsIndirectInputEvents = YES;
				INFOPLIST_KEY_UILaunchStoryboardName = LaunchScreen;
				INFOPLIST_KEY_UIMainStoryboardFile = "";
				INFOPLIST_KEY_UISupportedInterfaceOrientations_iPad = "UIInterfaceOrientationPortrait UIInterfaceOrientationPortraitUpsideDown UIInterfaceOrientationLandscapeLeft UIInterfaceOrientationLandscapeRight";
				INFOPLIST_KEY_UISupportedInterfaceOrientations_iPhone = "UIInterfaceOrientationPortrait UIInterfaceOrientationLandscapeLeft UIInterfaceOrientationLandscapeRight";
				IPHONEOS_DEPLOYMENT_TARGET = 16.0;
				LD_RUNPATH_SEARCH_PATHS = (
					"$(inherited)",
					"@executable_path/Frameworks",
				);
				MARKETING_VERSION = 1.0;
				PRODUCT_BUNDLE_IDENTIFIER = com.nikolayignatov.EnkodList;
				PRODUCT_NAME = "$(TARGET_NAME)";
				SUPPORTED_PLATFORMS = "iphoneos iphonesimulator";
				SUPPORTS_MACCATALYST = NO;
				SUPPORTS_MAC_DESIGNED_FOR_IPHONE_IPAD = NO;
				SWIFT_EMIT_LOC_STRINGS = YES;
				SWIFT_VERSION = 5.0;
				TARGETED_DEVICE_FAMILY = "1,2";
			};
			name = Release;
		};
/* End XCBuildConfiguration section */

/* Begin XCConfigurationList section */
		603A5A382A61706D007956EE /* Build configuration list for PBXProject "EnkodList" */ = {
			isa = XCConfigurationList;
			buildConfigurations = (
				603A5A4F2A617072007956EE /* Debug */,
				603A5A502A617072007956EE /* Release */,
			);
			defaultConfigurationIsVisible = 0;
			defaultConfigurationName = Release;
		};
		603A5A512A617072007956EE /* Build configuration list for PBXNativeTarget "EnkodList" */ = {
			isa = XCConfigurationList;
			buildConfigurations = (
				603A5A522A617072007956EE /* Debug */,
				603A5A532A617072007956EE /* Release */,
			);
			defaultConfigurationIsVisible = 0;
			defaultConfigurationName = Release;
		};
/* End XCConfigurationList section */
	};
	rootObject = 603A5A352A61706D007956EE /* Project object */;
}
